{
  "meteor": {},
  "dependencies": {
    "basePackages": {
      "semantic-ui": {}
    },
    "packages": {
      "semantic-ui": {
        "git": "https://github.com/nooitaf/meteor-semantic-ui.git",
        "tag": "v0.18.0",
        "commit": "a27035712167b248366a7719399a2257513530ee"
      }
    }
  }
}
